{
  "name": "deletelogic",
  "version": "1.0.0",
  "lockfileVersion": 2,
  "requires": true,
  "packages": {
    "": {
      "version": "1.0.0",
      "license": "ISC",
      "dependencies": {
        "date-fns": "^2.19.0",
        "get-folder-size": "^2.0.1",
        "lorem-ipsum": "^2.0.3"
      }
    },
    "node_modules/commander": {
      "version": "2.20.3",
      "resolved": "https://registry.npmjs.org/commander/-/commander-2.20.3.tgz",
      "integrity": "sha512-GpVkmM8vF2vQUkj2LvZmD35JxeJOLCwJ9cUkugyk2nuhbv3+mJvpLYYt+0+USMxE+oj+ey/lJEnhZw75x/OMcQ=="
    },
    "node_modules/date-fns": {
      "version": "2.19.0",
      "resolved": "https://registry.npmjs.org/date-fns/-/date-fns-2.19.0.tgz",
      "integrity": "sha512-X3bf2iTPgCAQp9wvjOQytnf5vO5rESYRXlPIVcgSbtT5OTScPcsf9eZU+B/YIkKAtYr5WeCii58BgATrNitlWg==",
      "engines": {
        "node": ">=0.11"
      },
      "funding": {
        "type": "opencollective",
        "url": "https://opencollective.com/date-fns"
      }
    },
    "node_modules/gar": {
      "version": "1.0.4",
      "resolved": "https://registry.npmjs.org/gar/-/gar-1.0.4.tgz",
      "integrity": "sha512-w4n9cPWyP7aHxKxYHFQMegj7WIAsL/YX/C4Bs5Rr8s1H9M1rNtRWRsw+ovYMkXDQ5S4ZbYHsHAPmevPjPgw44w=="
    },
    "node_modules/get-folder-size": {
      "version": "2.0.1",
      "resolved": "https://registry.npmjs.org/get-folder-size/-/get-folder-size-2.0.1.tgz",
      "integrity": "sha512-+CEb+GDCM7tkOS2wdMKTn9vU7DgnKUTuDlehkNJKNSovdCOVxs14OfKCk4cvSaR3za4gj+OBdl9opPN9xrJ0zA==",
      "dependencies": {
        "gar": "^1.0.4",
        "tiny-each-async": "2.0.3"
      },
      "bin": {
        "get-folder-size": "bin/get-folder-size"
      }
    },
    "node_modules/lorem-ipsum": {
      "version": "2.0.3",
      "resolved": "https://registry.npmjs.org/lorem-ipsum/-/lorem-ipsum-2.0.3.tgz",
      "integrity": "sha512-CX2r84DMWjW/DWiuzicTI9aRaJPAw2cvAGMJYZh/nx12OkTGqloj8y8FU0S8ZkKwOdqhfxEA6Ly8CW2P6Yxjwg==",
      "dependencies": {
        "commander": "^2.17.1"
      },
      "bin": {
        "lorem-ipsum": "dist/bin/lorem-ipsum.bin.js"
      },
      "engines": {
        "node": ">= 8.x",
        "npm": ">= 5.x"
      }
    },
    "node_modules/tiny-each-async": {
      "version": "2.0.3",
      "resolved": "https://registry.npmjs.org/tiny-each-async/-/tiny-each-async-2.0.3.tgz",
      "integrity": "sha1-jru/1tYpXxNwAD+7NxYq/loKUdE="
    }
  },
  "dependencies": {
    "commander": {
      "version": "2.20.3",
      "resolved": "https://registry.npmjs.org/commander/-/commander-2.20.3.tgz",
      "integrity": "sha512-GpVkmM8vF2vQUkj2LvZmD35JxeJOLCwJ9cUkugyk2nuhbv3+mJvpLYYt+0+USMxE+oj+ey/lJEnhZw75x/OMcQ=="
    },
    "date-fns": {
      "version": "2.19.0",
      "resolved": "https://registry.npmjs.org/date-fns/-/date-fns-2.19.0.tgz",
      "integrity": "sha512-X3bf2iTPgCAQp9wvjOQytnf5vO5rESYRXlPIVcgSbtT5OTScPcsf9eZU+B/YIkKAtYr5WeCii58BgATrNitlWg=="
    },
    "gar": {
      "version": "1.0.4",
      "resolved": "https://registry.npmjs.org/gar/-/gar-1.0.4.tgz",
      "integrity": "sha512-w4n9cPWyP7aHxKxYHFQMegj7WIAsL/YX/C4Bs5Rr8s1H9M1rNtRWRsw+ovYMkXDQ5S4ZbYHsHAPmevPjPgw44w=="
    },
    "get-folder-size": {
      "version": "2.0.1",
      "resolved": "https://registry.npmjs.org/get-folder-size/-/get-folder-size-2.0.1.tgz",
      "integrity": "sha512-+CEb+GDCM7tkOS2wdMKTn9vU7DgnKUTuDlehkNJKNSovdCOVxs14OfKCk4cvSaR3za4gj+OBdl9opPN9xrJ0zA==",
      "requires": {
        "gar": "^1.0.4",
        "tiny-each-async": "2.0.3"
      }
    },
    "lorem-ipsum": {
      "version": "2.0.3",
      "resolved": "https://registry.npmjs.org/lorem-ipsum/-/lorem-ipsum-2.0.3.tgz",
      "integrity": "sha512-CX2r84DMWjW/DWiuzicTI9aRaJPAw2cvAGMJYZh/nx12OkTGqloj8y8FU0S8ZkKwOdqhfxEA6Ly8CW2P6Yxjwg==",
      "requires": {
        "commander": "^2.17.1"
      }
    },
    "tiny-each-async": {
      "version": "2.0.3",
      "resolved": "https://registry.npmjs.org/tiny-each-async/-/tiny-each-async-2.0.3.tgz",
      "integrity": "sha1-jru/1tYpXxNwAD+7NxYq/loKUdE="
    }
  }
}
